
Microsoft Visual Studio Solution File, Format Version 12.00
# Visual Studio Version 16
VisualStudioVersion = 16.0.30128.74
MinimumVisualStudioVersion = 10.0.40219.1
Project("{FAE04EC0-301F-11D3-BF4B-00C04F79EFBC}") = "2Share", "2Share\2Share.csproj", "{CE59DCA5-D383-4440-8452-5173856FC8DA}"
EndProject
Project("{FAE04EC0-301F-11D3-BF4B-00C04F79EFBC}") = "2Share.Tests", "2Share.Tests\2Share.Tests.csproj", "{4ED0E3EB-F72D-4B7F-A9F8-D8C7759B9D10}"
EndProject
Global
	GlobalSection(SolutionConfigurationPlatforms) = preSolution
		Debug|Any CPU = Debug|Any CPU
		Release|Any CPU = Release|Any CPU
	EndGlobalSection
	GlobalSection(ProjectConfigurationPlatforms) = postSolution
		{CE59DCA5-D383-4440-8452-5173856FC8DA}.Debug|Any CPU.ActiveCfg = Debug|Any CPU
		{CE59DCA5-D383-4440-8452-5173856FC8DA}.Debug|Any CPU.Build.0 = Debug|Any CPU
		{CE59DCA5-D383-4440-8452-5173856FC8DA}.Release|Any CPU.ActiveCfg = Release|Any CPU
		{CE59DCA5-D383-4440-8452-5173856FC8DA}.Release|Any CPU.Build.0 = Release|Any CPU
		{4ED0E3EB-F72D-4B7F-A9F8-D8C7759B9D10}.Debug|Any CPU.ActiveCfg = Debug|Any CPU
		{4ED0E3EB-F72D-4B7F-A9F8-D8C7759B9D10}.Debug|Any CPU.Build.0 = Debug|Any CPU
		{4ED0E3EB-F72D-4B7F-A9F8-D8C7759B9D10}.Release|Any CPU.ActiveCfg = Release|Any CPU
		{4ED0E3EB-F72D-4B7F-A9F8-D8C7759B9D10}.Release|Any CPU.Build.0 = Release|Any CPU
	EndGlobalSection
	GlobalSection(SolutionProperties) = preSolution
		HideSolutionNode = FALSE
	EndGlobalSection
	GlobalSection(ExtensibilityGlobals) = postSolution
		SolutionGuid = {CE0C49D6-F60F-454D-BB23-0ABFE447005B}
	EndGlobalSection
EndGlobal
